
Microsoft Visual Studio Solution File, Format Version 12.00
# Visual Studio Version 16
VisualStudioVersion = 16.0.30804.86
MinimumVisualStudioVersion = 10.0.40219.1
Project("{9A19103F-16F7-4668-BE54-9A1E7A4F7556}") = "BibliotecaAPI", "BibliotecaAPI\BibliotecaAPI.csproj", "{2DEF17F0-8A0C-49CF-846B-B1E3739389D8}"
EndProject
Project("{FAE04EC0-301F-11D3-BF4B-00C04F79EFBC}") = "Biblioteca_DataAccess", "Biblioteca_DAL\Biblioteca_DataAccess.csproj", "{1ABFEDA9-C741-4062-8252-9129F6CA23CC}"
EndProject
Project("{FAE04EC0-301F-11D3-BF4B-00C04F79EFBC}") = "Biblioteca_Common", "Biblioteca_Common\Biblioteca_Common.csproj", "{9B8FC220-4155-440E-96EF-4AE6A1102F80}"
EndProject
Project("{FAE04EC0-301F-11D3-BF4B-00C04F79EFBC}") = "Biblioteca_BussinesLogic", "Biblioteca_BussinesLogic\Biblioteca_BussinesLogic.csproj", "{212CFFDE-4269-45A1-958C-6E4C4BE2FD7A}"
EndProject
Project("{FAE04EC0-301F-11D3-BF4B-00C04F79EFBC}") = "Biblioteca_Implementations", "Biblioteca_Implementations\Biblioteca_Implementations.csproj", "{4EC14239-4A3A-4A5D-8681-24030958BED5}"
EndProject
Project("{FAE04EC0-301F-11D3-BF4B-00C04F79EFBC}") = "Biblioteca_Repository", "Biblioteca_Repository\Biblioteca_Repository.csproj", "{4893E5AD-0581-4977-AD32-6BCC63EBB6E0}"
EndProject
Global
	GlobalSection(SolutionConfigurationPlatforms) = preSolution
		Debug|Any CPU = Debug|Any CPU
		Release|Any CPU = Release|Any CPU
	EndGlobalSection
	GlobalSection(ProjectConfigurationPlatforms) = postSolution
		{2DEF17F0-8A0C-49CF-846B-B1E3739389D8}.Debug|Any CPU.ActiveCfg = Debug|Any CPU
		{2DEF17F0-8A0C-49CF-846B-B1E3739389D8}.Debug|Any CPU.Build.0 = Debug|Any CPU
		{2DEF17F0-8A0C-49CF-846B-B1E3739389D8}.Release|Any CPU.ActiveCfg = Release|Any CPU
		{2DEF17F0-8A0C-49CF-846B-B1E3739389D8}.Release|Any CPU.Build.0 = Release|Any CPU
		{1ABFEDA9-C741-4062-8252-9129F6CA23CC}.Debug|Any CPU.ActiveCfg = Debug|Any CPU
		{1ABFEDA9-C741-4062-8252-9129F6CA23CC}.Debug|Any CPU.Build.0 = Debug|Any CPU
		{1ABFEDA9-C741-4062-8252-9129F6CA23CC}.Release|Any CPU.ActiveCfg = Release|Any CPU
		{1ABFEDA9-C741-4062-8252-9129F6CA23CC}.Release|Any CPU.Build.0 = Release|Any CPU
		{9B8FC220-4155-440E-96EF-4AE6A1102F80}.Debug|Any CPU.ActiveCfg = Debug|Any CPU
		{9B8FC220-4155-440E-96EF-4AE6A1102F80}.Debug|Any CPU.Build.0 = Debug|Any CPU
		{9B8FC220-4155-440E-96EF-4AE6A1102F80}.Release|Any CPU.ActiveCfg = Release|Any CPU
		{9B8FC220-4155-440E-96EF-4AE6A1102F80}.Release|Any CPU.Build.0 = Release|Any CPU
		{212CFFDE-4269-45A1-958C-6E4C4BE2FD7A}.Debug|Any CPU.ActiveCfg = Debug|Any CPU
		{212CFFDE-4269-45A1-958C-6E4C4BE2FD7A}.Debug|Any CPU.Build.0 = Debug|Any CPU
		{212CFFDE-4269-45A1-958C-6E4C4BE2FD7A}.Release|Any CPU.ActiveCfg = Release|Any CPU
		{212CFFDE-4269-45A1-958C-6E4C4BE2FD7A}.Release|Any CPU.Build.0 = Release|Any CPU
		{4EC14239-4A3A-4A5D-8681-24030958BED5}.Debug|Any CPU.ActiveCfg = Debug|Any CPU
		{4EC14239-4A3A-4A5D-8681-24030958BED5}.Debug|Any CPU.Build.0 = Debug|Any CPU
		{4EC14239-4A3A-4A5D-8681-24030958BED5}.Release|Any CPU.ActiveCfg = Release|Any CPU
		{4EC14239-4A3A-4A5D-8681-24030958BED5}.Release|Any CPU.Build.0 = Release|Any CPU
		{4893E5AD-0581-4977-AD32-6BCC63EBB6E0}.Debug|Any CPU.ActiveCfg = Debug|Any CPU
		{4893E5AD-0581-4977-AD32-6BCC63EBB6E0}.Debug|Any CPU.Build.0 = Debug|Any CPU
		{4893E5AD-0581-4977-AD32-6BCC63EBB6E0}.Release|Any CPU.ActiveCfg = Release|Any CPU
		{4893E5AD-0581-4977-AD32-6BCC63EBB6E0}.Release|Any CPU.Build.0 = Release|Any CPU
	EndGlobalSection
	GlobalSection(SolutionProperties) = preSolution
		HideSolutionNode = FALSE
	EndGlobalSection
	GlobalSection(ExtensibilityGlobals) = postSolution
		SolutionGuid = {E04F089F-D777-495B-9CBB-8E8EA2B0B007}
	EndGlobalSection
EndGlobal
